
Microsoft Visual Studio Solution File, Format Version 12.00
# Visual Studio Version 16
VisualStudioVersion = 16.0.29509.3
MinimumVisualStudioVersion = 10.0.40219.1
Project("{FAE04EC0-301F-11D3-BF4B-00C04F79EFBC}") = "DataMigration", "DataMigration\DataMigration.csproj", "{C94F4067-0AEE-4D67-A54F-ADB77816CFDE}"
EndProject
Global
	GlobalSection(SolutionConfigurationPlatforms) = preSolution
		Debug|Any CPU = Debug|Any CPU
		Release|Any CPU = Release|Any CPU
	EndGlobalSection
	GlobalSection(ProjectConfigurationPlatforms) = postSolution
		{C94F4067-0AEE-4D67-A54F-ADB77816CFDE}.Debug|Any CPU.ActiveCfg = Debug|Any CPU
		{C94F4067-0AEE-4D67-A54F-ADB77816CFDE}.Debug|Any CPU.Build.0 = Debug|Any CPU
		{C94F4067-0AEE-4D67-A54F-ADB77816CFDE}.Release|Any CPU.ActiveCfg = Release|Any CPU
		{C94F4067-0AEE-4D67-A54F-ADB77816CFDE}.Release|Any CPU.Build.0 = Release|Any CPU
	EndGlobalSection
	GlobalSection(SolutionProperties) = preSolution
		HideSolutionNode = FALSE
	EndGlobalSection
	GlobalSection(ExtensibilityGlobals) = postSolution
		SolutionGuid = {B7653758-9035-40AA-9A77-356F1D246802}
	EndGlobalSection
EndGlobal
